
Microsoft Visual Studio Solution File, Format Version 12.00
# Visual Studio Version 16
VisualStudioVersion = 16.0.29102.190
MinimumVisualStudioVersion = 10.0.40219.1
Project("{FAE04EC0-301F-11D3-BF4B-00C04F79EFBC}") = "ConsoleApp1", "ConsoleApp1\ConsoleApp1.csproj", "{EDC8B581-D7A3-4D1A-B817-A4008D7DF6D5}"
EndProject
Project("{2150E333-8FDC-42A3-9474-1A3956D46DE8}") = "V1(很爛的版本)", "V1(很爛的版本)", "{A2BA86C9-8F4E-44D5-855E-D5A08A014CDE}"
EndProject
Project("{2150E333-8FDC-42A3-9474-1A3956D46DE8}") = "V2(重構, 加上介面, 改變依賴關係)", "V2(重構, 加上介面, 改變依賴關係)", "{0C84643D-910C-4DE8-9BDD-23F1C9935501}"
EndProject
Project("{FAE04EC0-301F-11D3-BF4B-00C04F79EFBC}") = "ConsoleApp2", "ConsoleApp2\ConsoleApp2.csproj", "{4D103B39-64CC-49E2-B311-3F24213F2000}"
EndProject
Project("{2150E333-8FDC-42A3-9474-1A3956D46DE8}") = "V3(既然低耦合，不如外掛)", "V3(既然低耦合，不如外掛)", "{0BF34D51-053D-455D-908F-A3D43D25B4F5}"
EndProject
Project("{FAE04EC0-301F-11D3-BF4B-00C04F79EFBC}") = "ConsoleApp3", "ConsoleApp3\ConsoleApp3.csproj", "{CE551EB1-0AEB-4E0D-86F5-62D213DDC3E3}"
EndProject
Project("{2150E333-8FDC-42A3-9474-1A3956D46DE8}") = "V4(重構，拆分專案)", "V4(重構，拆分專案)", "{34625748-4FBE-4A34-8100-7BB2E682AC7D}"
EndProject
Project("{FAE04EC0-301F-11D3-BF4B-00C04F79EFBC}") = "ConsoleApp4", "ConsoleApp4\ConsoleApp4.csproj", "{A5BE8B59-F468-432E-8C0D-AD3056F05F69}"
EndProject
Project("{FAE04EC0-301F-11D3-BF4B-00C04F79EFBC}") = "HR", "HR\HR.csproj", "{D180B8B0-2326-4D92-B083-3913D3D5FD7C}"
EndProject
Project("{2150E333-8FDC-42A3-9474-1A3956D46DE8}") = "V5(如果要客製化動態抽換)", "V5(如果要客製化動態抽換)", "{2A5CD53E-BF0B-4948-BBAC-759A90CEB0FA}"
EndProject
Project("{FAE04EC0-301F-11D3-BF4B-00C04F79EFBC}") = "ConsoleApp5", "ConsoleApp5\ConsoleApp5.csproj", "{DD7BEDA1-A76F-4FE7-8F5B-E6D49FA36BF6}"
EndProject
Project("{FAE04EC0-301F-11D3-BF4B-00C04F79EFBC}") = "MyCustomerHR", "MyCustomerHR\MyCustomerHR.csproj", "{A0CB7351-8A35-4050-BC5C-372EC3725DC8}"
EndProject
Global
	GlobalSection(SolutionConfigurationPlatforms) = preSolution
		Debug|Any CPU = Debug|Any CPU
		Release|Any CPU = Release|Any CPU
	EndGlobalSection
	GlobalSection(ProjectConfigurationPlatforms) = postSolution
		{EDC8B581-D7A3-4D1A-B817-A4008D7DF6D5}.Debug|Any CPU.ActiveCfg = Debug|Any CPU
		{EDC8B581-D7A3-4D1A-B817-A4008D7DF6D5}.Debug|Any CPU.Build.0 = Debug|Any CPU
		{EDC8B581-D7A3-4D1A-B817-A4008D7DF6D5}.Release|Any CPU.ActiveCfg = Release|Any CPU
		{EDC8B581-D7A3-4D1A-B817-A4008D7DF6D5}.Release|Any CPU.Build.0 = Release|Any CPU
		{4D103B39-64CC-49E2-B311-3F24213F2000}.Debug|Any CPU.ActiveCfg = Debug|Any CPU
		{4D103B39-64CC-49E2-B311-3F24213F2000}.Debug|Any CPU.Build.0 = Debug|Any CPU
		{4D103B39-64CC-49E2-B311-3F24213F2000}.Release|Any CPU.ActiveCfg = Release|Any CPU
		{4D103B39-64CC-49E2-B311-3F24213F2000}.Release|Any CPU.Build.0 = Release|Any CPU
		{CE551EB1-0AEB-4E0D-86F5-62D213DDC3E3}.Debug|Any CPU.ActiveCfg = Debug|Any CPU
		{CE551EB1-0AEB-4E0D-86F5-62D213DDC3E3}.Debug|Any CPU.Build.0 = Debug|Any CPU
		{CE551EB1-0AEB-4E0D-86F5-62D213DDC3E3}.Release|Any CPU.ActiveCfg = Release|Any CPU
		{CE551EB1-0AEB-4E0D-86F5-62D213DDC3E3}.Release|Any CPU.Build.0 = Release|Any CPU
		{A5BE8B59-F468-432E-8C0D-AD3056F05F69}.Debug|Any CPU.ActiveCfg = Debug|Any CPU
		{A5BE8B59-F468-432E-8C0D-AD3056F05F69}.Debug|Any CPU.Build.0 = Debug|Any CPU
		{A5BE8B59-F468-432E-8C0D-AD3056F05F69}.Release|Any CPU.ActiveCfg = Release|Any CPU
		{A5BE8B59-F468-432E-8C0D-AD3056F05F69}.Release|Any CPU.Build.0 = Release|Any CPU
		{D180B8B0-2326-4D92-B083-3913D3D5FD7C}.Debug|Any CPU.ActiveCfg = Debug|Any CPU
		{D180B8B0-2326-4D92-B083-3913D3D5FD7C}.Debug|Any CPU.Build.0 = Debug|Any CPU
		{D180B8B0-2326-4D92-B083-3913D3D5FD7C}.Release|Any CPU.ActiveCfg = Release|Any CPU
		{D180B8B0-2326-4D92-B083-3913D3D5FD7C}.Release|Any CPU.Build.0 = Release|Any CPU
		{DD7BEDA1-A76F-4FE7-8F5B-E6D49FA36BF6}.Debug|Any CPU.ActiveCfg = Debug|Any CPU
		{DD7BEDA1-A76F-4FE7-8F5B-E6D49FA36BF6}.Debug|Any CPU.Build.0 = Debug|Any CPU
		{DD7BEDA1-A76F-4FE7-8F5B-E6D49FA36BF6}.Release|Any CPU.ActiveCfg = Release|Any CPU
		{DD7BEDA1-A76F-4FE7-8F5B-E6D49FA36BF6}.Release|Any CPU.Build.0 = Release|Any CPU
		{A0CB7351-8A35-4050-BC5C-372EC3725DC8}.Debug|Any CPU.ActiveCfg = Debug|Any CPU
		{A0CB7351-8A35-4050-BC5C-372EC3725DC8}.Debug|Any CPU.Build.0 = Debug|Any CPU
		{A0CB7351-8A35-4050-BC5C-372EC3725DC8}.Release|Any CPU.ActiveCfg = Release|Any CPU
		{A0CB7351-8A35-4050-BC5C-372EC3725DC8}.Release|Any CPU.Build.0 = Release|Any CPU
	EndGlobalSection
	GlobalSection(SolutionProperties) = preSolution
		HideSolutionNode = FALSE
	EndGlobalSection
	GlobalSection(NestedProjects) = preSolution
		{EDC8B581-D7A3-4D1A-B817-A4008D7DF6D5} = {A2BA86C9-8F4E-44D5-855E-D5A08A014CDE}
		{4D103B39-64CC-49E2-B311-3F24213F2000} = {0C84643D-910C-4DE8-9BDD-23F1C9935501}
		{CE551EB1-0AEB-4E0D-86F5-62D213DDC3E3} = {0BF34D51-053D-455D-908F-A3D43D25B4F5}
		{A5BE8B59-F468-432E-8C0D-AD3056F05F69} = {34625748-4FBE-4A34-8100-7BB2E682AC7D}
		{D180B8B0-2326-4D92-B083-3913D3D5FD7C} = {34625748-4FBE-4A34-8100-7BB2E682AC7D}
		{DD7BEDA1-A76F-4FE7-8F5B-E6D49FA36BF6} = {2A5CD53E-BF0B-4948-BBAC-759A90CEB0FA}
		{A0CB7351-8A35-4050-BC5C-372EC3725DC8} = {2A5CD53E-BF0B-4948-BBAC-759A90CEB0FA}
	EndGlobalSection
	GlobalSection(ExtensibilityGlobals) = postSolution
		SolutionGuid = {78BA6A1D-D659-46E4-B525-697B8B181584}
	EndGlobalSection
EndGlobal
